PODS:
  - GVRSDK/Base (1.10.0)
  - GVRSDK/GVRView (1.10.0):
    - GVRSDK/Base
  - React/Core (0.44.0):
    - React/cxxreact
    - Yoga (= 0.44.0.React)
  - React/cxxreact (0.44.0):
    - React/jschelpers
  - React/jschelpers (0.44.0)
  - React/RCTImage (0.44.0):
    - React/Core
    - React/RCTNetwork
  - React/RCTNetwork (0.44.0):
    - React/Core
  - React/RCTText (0.44.0):
    - React/Core
  - React/RCTWebSocket (0.44.0):
    - React/Core
  - Yoga (0.44.0.React)

DEPENDENCIES:
  - GVRSDK/GVRView
  - React/Core (from `../node_modules/react-native`)
  - React/RCTImage (from `../node_modules/react-native`)
  - React/RCTNetwork (from `../node_modules/react-native`)
  - React/RCTText (from `../node_modules/react-native`)
  - React/RCTWebSocket (from `../node_modules/react-native`)
  - Yoga (from `../node_modules/react-native/ReactCommon/yoga`)

SPEC REPOS:
  https://github.com/CocoaPods/Specs.git:
    - GVRSDK

EXTERNAL SOURCES:
  React:
    :path: "../node_modules/react-native"
  Yoga:
    :path: "../node_modules/react-native/ReactCommon/yoga"

SPEC CHECKSUMS:
  GVRSDK: c15e92a9d6276217936b62385b731289fffd8349
  React: e53535491f7b382b8cd681428dd853159bf25545
  Yoga: f2b1f5b59fadb774a3dd9932a7cf813c6e284d71

PODFILE CHECKSUM: e6e13ca72dba19f90a0a986ab4c7bf3117c4458c

COCOAPODS: 1.5.0
